// !$*UTF8*$!
{
	archiveVersion = 1;
	classes = {
	};
	objectVersion = 50;
	objects = {

/* Begin PBXBuildFile section */
		2B5CE35D2243B2B20093579D /* AppDelegate.swift in Sources */ = {isa = PBXBuildFile; fileRef = 2B5CE35C2243B2B20093579D /* AppDelegate.swift */; };
		2B5CE35F2243B2B20093579D /* ViewController.swift in Sources */ = {isa = PBXBuildFile; fileRef = 2B5CE35E2243B2B20093579D /* ViewController.swift */; };
		2B5CE3622243B2B20093579D /* Main.storyboard in Resources */ = {isa = PBXBuildFile; fileRef = 2B5CE3602243B2B20093579D /* Main.storyboard */; };
		2B5CE3642243B2B50093579D /* Assets.xcassets in Resources */ = {isa = PBXBuildFile; fileRef = 2B5CE3632243B2B50093579D /* Assets.xcassets */; };
		2B5CE3672243B2B50093579D /* LaunchScreen.storyboard in Resources */ = {isa = PBXBuildFile; fileRef = 2B5CE3652243B2B50093579D /* LaunchScreen.storyboard */; };
		2B5CE3722243B2B50093579D /* CaluculatorTests.swift in Sources */ = {isa = PBXBuildFile; fileRef = 2B5CE3712243B2B50093579D /* CaluculatorTests.swift */; };
		2B5CE37D2243B2B50093579D /* CaluculatorUITests.swift in Sources */ = {isa = PBXBuildFile; fileRef = 2B5CE37C2243B2B50093579D /* CaluculatorUITests.swift */; };
/* End PBXBuildFile section */

/* Begin PBXContainerItemProxy section */
		2B5CE36E2243B2B50093579D /* PBXContainerItemProxy */ = {
			isa = PBXContainerItemProxy;
			containerPortal = 2B5CE3512243B2B20093579D /* Project object */;
			proxyType = 1;
			remoteGlobalIDString = 2B5CE3582243B2B20093579D;
			remoteInfo = Caluculator;
		};
		2B5CE3792243B2B50093579D /* PBXContainerItemProxy */ = {
			isa = PBXContainerItemProxy;
			containerPortal = 2B5CE3512243B2B20093579D /* Project object */;
			proxyType = 1;
			remoteGlobalIDString = 2B5CE3582243B2B20093579D;
			remoteInfo = Caluculator;
		};
/* End PBXContainerItemProxy section */

/* Begin PBXFileReference section */
		2B5CE3592243B2B20093579D /* Caluculator.app */ = {isa = PBXFileReference; explicitFileType = wrapper.application; includeInIndex = 0; path = Caluculator.app; sourceTree = BUILT_PRODUCTS_DIR; };
		2B5CE35C2243B2B20093579D /* AppDelegate.swift */ = {isa = PBXFileReference; lastKnownFileType = sourcecode.swift; path = AppDelegate.swift; sourceTree = "<group>"; };
		2B5CE35E2243B2B20093579D /* ViewController.swift */ = {isa = PBXFileReference; lastKnownFileType = sourcecode.swift; path = ViewController.swift; sourceTree = "<group>"; };
		2B5CE3612243B2B20093579D /* Base */ = {isa = PBXFileReference; lastKnownFileType = file.storyboard; name = Base; path = Base.lproj/Main.storyboard; sourceTree = "<group>"; };
		2B5CE3632243B2B50093579D /* Assets.xcassets */ = {isa = PBXFileReference; lastKnownFileType = folder.assetcatalog; path = Assets.xcassets; sourceTree = "<group>"; };
		2B5CE3662243B2B50093579D /* Base */ = {isa = PBXFileReference; lastKnownFileType = file.storyboard; name = Base; path = Base.lproj/LaunchScreen.storyboard; sourceTree = "<group>"; };
		2B5CE3682243B2B50093579D /* Info.plist */ = {isa = PBXFileReference; lastKnownFileType = text.plist.xml; path = Info.plist; sourceTree = "<group>"; };
		2B5CE36D2243B2B50093579D /* CaluculatorTests.xctest */ = {isa = PBXFileReference; explicitFileType = wrapper.cfbundle; includeInIndex = 0; path = CaluculatorTests.xctest; sourceTree = BUILT_PRODUCTS_DIR; };
		2B5CE3712243B2B50093579D /* CaluculatorTests.swift */ = {isa = PBXFileReference; lastKnownFileType = sourcecode.swift; path = CaluculatorTests.swift; sourceTree = "<group>"; };
		2B5CE3732243B2B50093579D /* Info.plist */ = {isa = PBXFileReference; lastKnownFileType = text.plist.xml; path = Info.plist; sourceTree = "<group>"; };
		2B5CE3782243B2B50093579D /* CaluculatorUITests.xctest */ = {isa = PBXFileReference; explicitFileType = wrapper.cfbundle; includeInIndex = 0; path = CaluculatorUITests.xctest; sourceTree = BUILT_PRODUCTS_DIR; };
		2B5CE37C2243B2B50093579D /* CaluculatorUITests.swift */ = {isa = PBXFileReference; lastKnownFileType = sourcecode.swift; path = CaluculatorUITests.swift; sourceTree = "<group>"; };
		2B5CE37E2243B2B50093579D /* Info.plist */ = {isa = PBXFileReference; lastKnownFileType = text.plist.xml; path = Info.plist; sourceTree = "<group>"; };
/* End PBXFileReference section */

/* Begin PBXFrameworksBuildPhase section */
		2B5CE3562243B2B20093579D /* Frameworks */ = {
			isa = PBXFrameworksBuildPhase;
			buildActionMask = 2147483647;
			files = (
			);
			runOnlyForDeploymentPostprocessing = 0;
		};
		2B5CE36A2243B2B50093579D /* Frameworks */ = {
			isa = PBXFrameworksBuildPhase;
			buildActionMask = 2147483647;
			files = (
			);
			runOnlyForDeploymentPostprocessing = 0;
		};
		2B5CE3752243B2B50093579D /* Frameworks */ = {
			isa = PBXFrameworksBuildPhase;
			buildActionMask = 2147483647;
			files = (
			);
			runOnlyForDeploymentPostprocessing = 0;
		};
/* End PBXFrameworksBuildPhase section */

/* Begin PBXGroup section */
		2B5CE3502243B2B20093579D = {
			isa = PBXGroup;
			children = (
				2B5CE35B2243B2B20093579D /* Caluculator */,
				2B5CE3702243B2B50093579D /* CaluculatorTests */,
				2B5CE37B2243B2B50093579D /* CaluculatorUITests */,
				2B5CE35A2243B2B20093579D /* Products */,
			);
			sourceTree = "<group>";
		};
		2B5CE35A2243B2B20093579D /* Products */ = {
			isa = PBXGroup;
			children = (
				2B5CE3592243B2B20093579D /* Caluculator.app */,
				2B5CE36D2243B2B50093579D /* CaluculatorTests.xctest */,
				2B5CE3782243B2B50093579D /* CaluculatorUITests.xctest */,
			);
			name = Products;
			sourceTree = "<group>";
		};
		2B5CE35B2243B2B20093579D /* Caluculator */ = {
			isa = PBXGroup;
			children = (
				2B5CE35C2243B2B20093579D /* AppDelegate.swift */,
				2B5CE35E2243B2B20093579D /* ViewController.swift */,
				2B5CE3602243B2B20093579D /* Main.storyboard */,
				2B5CE3632243B2B50093579D /* Assets.xcassets */,
				2B5CE3652243B2B50093579D /* LaunchScreen.storyboard */,
				2B5CE3682243B2B50093579D /* Info.plist */,
			);
			path = Caluculator;
			sourceTree = "<group>";
		};
		2B5CE3702243B2B50093579D /* CaluculatorTests */ = {
			isa = PBXGroup;
			children = (
				2B5CE3712243B2B50093579D /* CaluculatorTests.swift */,
				2B5CE3732243B2B50093579D /* Info.plist */,
			);
			path = CaluculatorTests;
			sourceTree = "<group>";
		};
		2B5CE37B2243B2B50093579D /* CaluculatorUITests */ = {
			isa = PBXGroup;
			children = (
				2B5CE37C2243B2B50093579D /* CaluculatorUITests.swift */,
				2B5CE37E2243B2B50093579D /* Info.plist */,
			);
			path = CaluculatorUITests;
			sourceTree = "<group>";
		};
/* End PBXGroup section */

/* Begin PBXNativeTarget section */
		2B5CE3582243B2B20093579D /* Caluculator */ = {
			isa = PBXNativeTarget;
			buildConfigurationList = 2B5CE3812243B2B50093579D /* Build configuration list for PBXNativeTarget "Caluculator" */;
			buildPhases = (
				2B5CE3552243B2B20093579D /* Sources */,
				2B5CE3562243B2B20093579D /* Frameworks */,
				2B5CE3572243B2B20093579D /* Resources */,
			);
			buildRules = (
			);
			dependencies = (
			);
			name = Caluculator;
			productName = Caluculator;
			productReference = 2B5CE3592243B2B20093579D /* Caluculator.app */;
			productType = "com.apple.product-type.application";
		};
		2B5CE36C2243B2B50093579D /* CaluculatorTests */ = {
			isa = PBXNativeTarget;
			buildConfigurationList = 2B5CE3842243B2B50093579D /* Build configuration list for PBXNativeTarget "CaluculatorTests" */;
			buildPhases = (
				2B5CE3692243B2B50093579D /* Sources */,
				2B5CE36A2243B2B50093579D /* Frameworks */,
				2B5CE36B2243B2B50093579D /* Resources */,
			);
			buildRules = (
			);
			dependencies = (
				2B5CE36F2243B2B50093579D /* PBXTargetDependency */,
			);
			name = CaluculatorTests;
			productName = CaluculatorTests;
			productReference = 2B5CE36D2243B2B50093579D /* CaluculatorTests.xctest */;
			productType = "com.apple.product-type.bundle.unit-test";
		};
		2B5CE3772243B2B50093579D /* CaluculatorUITests */ = {
			isa = PBXNativeTarget;
			buildConfigurationList = 2B5CE3872243B2B50093579D /* Build configuration list for PBXNativeTarget "CaluculatorUITests" */;
			buildPhases = (
				2B5CE3742243B2B50093579D /* Sources */,
				2B5CE3752243B2B50093579D /* Frameworks */,
				2B5CE3762243B2B50093579D /* Resources */,
			);
			buildRules = (
			);
			dependencies = (
				2B5CE37A2243B2B50093579D /* PBXTargetDependency */,
			);
			name = CaluculatorUITests;
			productName = CaluculatorUITests;
			productReference = 2B5CE3782243B2B50093579D /* CaluculatorUITests.xctest */;
			productType = "com.apple.product-type.bundle.ui-testing";
		};
/* End PBXNativeTarget section */

/* Begin PBXProject section */
		2B5CE3512243B2B20093579D /* Project object */ = {
			isa = PBXProject;
			attributes = {
				LastSwiftUpdateCheck = 1010;
				LastUpgradeCheck = 1010;
				ORGANIZATIONNAME = "Satoshi Komatsu";
				TargetAttributes = {
					2B5CE3582243B2B20093579D = {
						CreatedOnToolsVersion = 10.1;
					};
					2B5CE36C2243B2B50093579D = {
						CreatedOnToolsVersion = 10.1;
						TestTargetID = 2B5CE3582243B2B20093579D;
					};
					2B5CE3772243B2B50093579D = {
						CreatedOnToolsVersion = 10.1;
						TestTargetID = 2B5CE3582243B2B20093579D;
					};
				};
			};
			buildConfigurationList = 2B5CE3542243B2B20093579D /* Build configuration list for PBXProject "Caluculator" */;
			compatibilityVersion = "Xcode 9.3";
			developmentRegion = en;
			hasScannedForEncodings = 0;
			knownRegions = (
				en,
				Base,
			);
			mainGroup = 2B5CE3502243B2B20093579D;
			productRefGroup = 2B5CE35A2243B2B20093579D /* Products */;
			projectDirPath = "";
			projectRoot = "";
			targets = (
				2B5CE3582243B2B20093579D /* Caluculator */,
				2B5CE36C2243B2B50093579D /* CaluculatorTests */,
				2B5CE3772243B2B50093579D /* CaluculatorUITests */,
			);
		};
/* End PBXProject section */

/* Begin PBXResourcesBuildPhase section */
		2B5CE3572243B2B20093579D /* Resources */ = {
			isa = PBXResourcesBuildPhase;
			buildActionMask = 2147483647;
			files = (
				2B5CE3672243B2B50093579D /* LaunchScreen.storyboard in Resources */,
				2B5CE3642243B2B50093579D /* Assets.xcassets in Resources */,
				2B5CE3622243B2B20093579D /* Main.storyboard in Resources */,
			);
			runOnlyForDeploymentPostprocessing = 0;
		};
		2B5CE36B2243B2B50093579D /* Resources */ = {
			isa = PBXResourcesBuildPhase;
			buildActionMask = 2147483647;
			files = (
			);
			runOnlyForDeploymentPostprocessing = 0;
		};
		2B5CE3762243B2B50093579D /* Resources */ = {
			isa = PBXResourcesBuildPhase;
			buildActionMask = 2147483647;
			files = (
			);
			runOnlyForDeploymentPostprocessing = 0;
		};
/* End PBXResourcesBuildPhase section */

/* Begin PBXSourcesBuildPhase section */
		2B5CE3552243B2B20093579D /* Sources */ = {
			isa = PBXSourcesBuildPhase;
			buildActionMask = 2147483647;
			files = (
				2B5CE35F2243B2B20093579D /* ViewController.swift in Sources */,
				2B5CE35D2243B2B20093579D /* AppDelegate.swift in Sources */,
			);
			runOnlyForDeploymentPostprocessing = 0;
		};
		2B5CE3692243B2B50093579D /* Sources */ = {
			isa = PBXSourcesBuildPhase;
			buildActionMask = 2147483647;
			files = (
				2B5CE3722243B2B50093579D /* CaluculatorTests.swift in Sources */,
			);
			runOnlyForDeploymentPostprocessing = 0;
		};
		2B5CE3742243B2B50093579D /* Sources */ = {
			isa = PBXSourcesBuildPhase;
			buildActionMask = 2147483647;
			files = (
				2B5CE37D2243B2B50093579D /* CaluculatorUITests.swift in Sources */,
			);
			runOnlyForDeploymentPostprocessing = 0;
		};
/* End PBXSourcesBuildPhase section */

/* Begin PBXTargetDependency section */
		2B5CE36F2243B2B50093579D /* PBXTargetDependency */ = {
			isa = PBXTargetDependency;
			target = 2B5CE3582243B2B20093579D /* Caluculator */;
			targetProxy = 2B5CE36E2243B2B50093579D /* PBXContainerItemProxy */;
		};
		2B5CE37A2243B2B50093579D /* PBXTargetDependency */ = {
			isa = PBXTargetDependency;
			target = 2B5CE3582243B2B20093579D /* Caluculator */;
			targetProxy = 2B5CE3792243B2B50093579D /* PBXContainerItemProxy */;
		};
/* End PBXTargetDependency section */

/* Begin PBXVariantGroup section */
		2B5CE3602243B2B20093579D /* Main.storyboard */ = {
			isa = PBXVariantGroup;
			children = (
				2B5CE3612243B2B20093579D /* Base */,
			);
			name = Main.storyboard;
			sourceTree = "<group>";
		};
		2B5CE3652243B2B50093579D /* LaunchScreen.storyboard */ = {
			isa = PBXVariantGroup;
			children = (
				2B5CE3662243B2B50093579D /* Base */,
			);
			name = LaunchScreen.storyboard;
			sourceTree = "<group>";
		};
/* End PBXVariantGroup section */

/* Begin XCBuildConfiguration section */
		2B5CE37F2243B2B50093579D /* Debug */ = {
			isa = XCBuildConfiguration;
			buildSettings = {
				ALWAYS_SEARCH_USER_PATHS = NO;
				CLANG_ANALYZER_NONNULL = YES;
				CLANG_ANALYZER_NUMBER_OBJECT_CONVERSION = YES_AGGRESSIVE;
				CLANG_CXX_LANGUAGE_STANDARD = "gnu++14";
				CLANG_CXX_LIBRARY = "libc++";
				CLANG_ENABLE_MODULES = YES;
				CLANG_ENABLE_OBJC_ARC = YES;
				CLANG_ENABLE_OBJC_WEAK = YES;
				CLANG_WARN_BLOCK_CAPTURE_AUTORELEASING = YES;
				CLANG_WARN_BOOL_CONVERSION = YES;
				CLANG_WARN_COMMA = YES;
				CLANG_WARN_CONSTANT_CONVERSION = YES;
				CLANG_WARN_DEPRECATED_OBJC_IMPLEMENTATIONS = YES;
				CLANG_WARN_DIRECT_OBJC_ISA_USAGE = YES_ERROR;
				CLANG_WARN_DOCUMENTATION_COMMENTS = YES;
				CLANG_WARN_EMPTY_BODY = YES;
				CLANG_WARN_ENUM_CONVERSION = YES;
				CLANG_WARN_INFINITE_RECURSION = YES;
				CLANG_WARN_INT_CONVERSION = YES;
				CLANG_WARN_NON_LITERAL_NULL_CONVERSION = YES;
				CLANG_WARN_OBJC_IMPLICIT_RETAIN_SELF = YES;
				CLANG_WARN_OBJC_LITERAL_CONVERSION = YES;
				CLANG_WARN_OBJC_ROOT_CLASS = YES_ERROR;
				CLANG_WARN_RANGE_LOOP_ANALYSIS = YES;
				CLANG_WARN_STRICT_PROTOTYPES = YES;
				CLANG_WARN_SUSPICIOUS_MOVE = YES;
				CLANG_WARN_UNGUARDED_AVAILABILITY = YES_AGGRESSIVE;
				CLANG_WARN_UNREACHABLE_CODE = YES;
				CLANG_WARN__DUPLICATE_METHOD_MATCH = YES;
				CODE_SIGN_IDENTITY = "iPhone Developer";
				COPY_PHASE_STRIP = NO;
				DEBUG_INFORMATION_FORMAT = dwarf;
				ENABLE_STRICT_OBJC_MSGSEND = YES;
				ENABLE_TESTABILITY = YES;
				GCC_C_LANGUAGE_STANDARD = gnu11;
				GCC_DYNAMIC_NO_PIC = NO;
				GCC_NO_COMMON_BLOCKS = YES;
				GCC_OPTIMIZATION_LEVEL = 0;
				GCC_PREPROCESSOR_DEFINITIONS = (
					"DEBUG=1",
					"$(inherited)",
				);
				GCC_WARN_64_TO_32_BIT_CONVERSION = YES;
				GCC_WARN_ABOUT_RETURN_TYPE = YES_ERROR;
				GCC_WARN_UNDECLARED_SELECTOR = YES;
				GCC_WARN_UNINITIALIZED_AUTOS = YES_AGGRESSIVE;
				GCC_WARN_UNUSED_FUNCTION = YES;
				GCC_WARN_UNUSED_VARIABLE = YES;
				IPHONEOS_DEPLOYMENT_TARGET = 12.1;
				MTL_ENABLE_DEBUG_INFO = INCLUDE_SOURCE;
				MTL_FAST_MATH = YES;
				ONLY_ACTIVE_ARCH = YES;
				SDKROOT = iphoneos;
				SWIFT_ACTIVE_COMPILATION_CONDITIONS = DEBUG;
				SWIFT_OPTIMIZATION_LEVEL = "-Onone";
			};
			name = Debug;
		};
		2B5CE3802243B2B50093579D /* Release */ = {
			isa = XCBuildConfiguration;
			buildSettings = {
				ALWAYS_SEARCH_USER_PATHS = NO;
				CLANG_ANALYZER_NONNULL = YES;
				CLANG_ANALYZER_NUMBER_OBJECT_CONVERSION = YES_AGGRESSIVE;
				CLANG_CXX_LANGUAGE_STANDARD = "gnu++14";
				CLANG_CXX_LIBRARY = "libc++";
				CLANG_ENABLE_MODULES = YES;
				CLANG_ENABLE_OBJC_ARC = YES;
				CLANG_ENABLE_OBJC_WEAK = YES;
				CLANG_WARN_BLOCK_CAPTURE_AUTORELEASING = YES;
				CLANG_WARN_BOOL_CONVERSION = YES;
				CLANG_WARN_COMMA = YES;
				CLANG_WARN_CONSTANT_CONVERSION = YES;
				CLANG_WARN_DEPRECATED_OBJC_IMPLEMENTATIONS = YES;
				CLANG_WARN_DIRECT_OBJC_ISA_USAGE = YES_ERROR;
				CLANG_WARN_DOCUMENTATION_COMMENTS = YES;
				CLANG_WARN_EMPTY_BODY = YES;
				CLANG_WARN_ENUM_CONVERSION = YES;
				CLANG_WARN_INFINITE_RECURSION = YES;
				CLANG_WARN_INT_CONVERSION = YES;
				CLANG_WARN_NON_LITERAL_NULL_CONVERSION = YES;
				CLANG_WARN_OBJC_IMPLICIT_RETAIN_SELF = YES;
				CLANG_WARN_OBJC_LITERAL_CONVERSION = YES;
				CLANG_WARN_OBJC_ROOT_CLASS = YES_ERROR;
				CLANG_WARN_RANGE_LOOP_ANALYSIS = YES;
				CLANG_WARN_STRICT_PROTOTYPES = YES;
				CLANG_WARN_SUSPICIOUS_MOVE = YES;
				CLANG_WARN_UNGUARDED_AVAILABILITY = YES_AGGRESSIVE;
				CLANG_WARN_UNREACHABLE_CODE = YES;
				CLANG_WARN__DUPLICATE_METHOD_MATCH = YES;
				CODE_SIGN_IDENTITY = "iPhone Developer";
				COPY_PHASE_STRIP = NO;
				DEBUG_INFORMATION_FORMAT = "dwarf-with-dsym";
				ENABLE_NS_ASSERTIONS = NO;
				ENABLE_STRICT_OBJC_MSGSEND = YES;
				GCC_C_LANGUAGE_STANDARD = gnu11;
				GCC_NO_COMMON_BLOCKS = YES;
				GCC_WARN_64_TO_32_BIT_CONVERSION = YES;
				GCC_WARN_ABOUT_RETURN_TYPE = YES_ERROR;
				GCC_WARN_UNDECLARED_SELECTOR = YES;
				GCC_WARN_UNINITIALIZED_AUTOS = YES_AGGRESSIVE;
				GCC_WARN_UNUSED_FUNCTION = YES;
				GCC_WARN_UNUSED_VARIABLE = YES;
				IPHONEOS_DEPLOYMENT_TARGET = 12.1;
				MTL_ENABLE_DEBUG_INFO = NO;
				MTL_FAST_MATH = YES;
				SDKROOT = iphoneos;
				SWIFT_COMPILATION_MODE = wholemodule;
				SWIFT_OPTIMIZATION_LEVEL = "-O";
				VALIDATE_PRODUCT = YES;
			};
			name = Release;
		};
		2B5CE3822243B2B50093579D /* Debug */ = {
			isa = XCBuildConfiguration;
			buildSettings = {
				ASSETCATALOG_COMPILER_APPICON_NAME = AppIcon;
				CODE_SIGN_STYLE = Automatic;
				INFOPLIST_FILE = Caluculator/Info.plist;
				LD_RUNPATH_SEARCH_PATHS = (
					"$(inherited)",
					"@executable_path/Frameworks",
				);
				PRODUCT_BUNDLE_IDENTIFIER = tosh7.Caluculator;
				PRODUCT_NAME = "$(TARGET_NAME)";
				SWIFT_VERSION = 4.2;
				TARGETED_DEVICE_FAMILY = "1,2";
			};
			name = Debug;
		};
		2B5CE3832243B2B50093579D /* Release */ = {
			isa = XCBuildConfiguration;
			buildSettings = {
				ASSETCATALOG_COMPILER_APPICON_NAME = AppIcon;
				CODE_SIGN_STYLE = Automatic;
				INFOPLIST_FILE = Caluculator/Info.plist;
				LD_RUNPATH_SEARCH_PATHS = (
					"$(inherited)",
					"@executable_path/Frameworks",
				);
				PRODUCT_BUNDLE_IDENTIFIER = tosh7.Caluculator;
				PRODUCT_NAME = "$(TARGET_NAME)";
				SWIFT_VERSION = 4.2;
				TARGETED_DEVICE_FAMILY = "1,2";
			};
			name = Release;
		};
		2B5CE3852243B2B50093579D /* Debug */ = {
			isa = XCBuildConfiguration;
			buildSettings = {
				ALWAYS_EMBED_SWIFT_STANDARD_LIBRARIES = YES;
				BUNDLE_LOADER = "$(TEST_HOST)";
				CODE_SIGN_STYLE = Automatic;
				INFOPLIST_FILE = CaluculatorTests/Info.plist;
				LD_RUNPATH_SEARCH_PATHS = (
					"$(inherited)",
					"@executable_path/Frameworks",
					"@loader_path/Frameworks",
				);
				PRODUCT_BUNDLE_IDENTIFIER = tosh7.CaluculatorTests;
				PRODUCT_NAME = "$(TARGET_NAME)";
				SWIFT_VERSION = 4.2;
				TARGETED_DEVICE_FAMILY = "1,2";
				TEST_HOST = "$(BUILT_PRODUCTS_DIR)/Caluculator.app/Caluculator";
			};
			name = Debug;
		};
		2B5CE3862243B2B50093579D /* Release */ = {
			isa = XCBuildConfiguration;
			buildSettings = {
				ALWAYS_EMBED_SWIFT_STANDARD_LIBRARIES = YES;
				BUNDLE_LOADER = "$(TEST_HOST)";
				CODE_SIGN_STYLE = Automatic;
				INFOPLIST_FILE = CaluculatorTests/Info.plist;
				LD_RUNPATH_SEARCH_PATHS = (
					"$(inherited)",
					"@executable_path/Frameworks",
					"@loader_path/Frameworks",
				);
				PRODUCT_BUNDLE_IDENTIFIER = tosh7.CaluculatorTests;
				PRODUCT_NAME = "$(TARGET_NAME)";
				SWIFT_VERSION = 4.2;
				TARGETED_DEVICE_FAMILY = "1,2";
				TEST_HOST = "$(BUILT_PRODUCTS_DIR)/Caluculator.app/Caluculator";
			};
			name = Release;
		};
		2B5CE3882243B2B50093579D /* Debug */ = {
			isa = XCBuildConfiguration;
			buildSettings = {
				ALWAYS_EMBED_SWIFT_STANDARD_LIBRARIES = YES;
				CODE_SIGN_STYLE = Automatic;
				INFOPLIST_FILE = CaluculatorUITests/Info.plist;
				LD_RUNPATH_SEARCH_PATHS = (
					"$(inherited)",
					"@executable_path/Frameworks",
					"@loader_path/Frameworks",
				);
				PRODUCT_BUNDLE_IDENTIFIER = tosh7.CaluculatorUITests;
				PRODUCT_NAME = "$(TARGET_NAME)";
				SWIFT_VERSION = 4.2;
				TARGETED_DEVICE_FAMILY = "1,2";
				TEST_TARGET_NAME = Caluculator;
			};
			name = Debug;
		};
		2B5CE3892243B2B50093579D /* Release */ = {
			isa = XCBuildConfiguration;
			buildSettings = {
				ALWAYS_EMBED_SWIFT_STANDARD_LIBRARIES = YES;
				CODE_SIGN_STYLE = Automatic;
				INFOPLIST_FILE = CaluculatorUITests/Info.plist;
				LD_RUNPATH_SEARCH_PATHS = (
					"$(inherited)",
					"@executable_path/Frameworks",
					"@loader_path/Frameworks",
				);
				PRODUCT_BUNDLE_IDENTIFIER = tosh7.CaluculatorUITests;
				PRODUCT_NAME = "$(TARGET_NAME)";
				SWIFT_VERSION = 4.2;
				TARGETED_DEVICE_FAMILY = "1,2";
				TEST_TARGET_NAME = Caluculator;
			};
			name = Release;
		};
/* End XCBuildConfiguration section */

/* Begin XCConfigurationList section */
		2B5CE3542243B2B20093579D /* Build configuration list for PBXProject "Caluculator" */ = {
			isa = XCConfigurationList;
			buildConfigurations = (
				2B5CE37F2243B2B50093579D /* Debug */,
				2B5CE3802243B2B50093579D /* Release */,
			);
			defaultConfigurationIsVisible = 0;
			defaultConfigurationName = Release;
		};
		2B5CE3812243B2B50093579D /* Build configuration list for PBXNativeTarget "Caluculator" */ = {
			isa = XCConfigurationList;
			buildConfigurations = (
				2B5CE3822243B2B50093579D /* Debug */,
				2B5CE3832243B2B50093579D /* Release */,
			);
			defaultConfigurationIsVisible = 0;
			defaultConfigurationName = Release;
		};
		2B5CE3842243B2B50093579D /* Build configuration list for PBXNativeTarget "CaluculatorTests" */ = {
			isa = XCConfigurationList;
			buildConfigurations = (
				2B5CE3852243B2B50093579D /* Debug */,
				2B5CE3862243B2B50093579D /* Release */,
			);
			defaultConfigurationIsVisible = 0;
			defaultConfigurationName = Release;
		};
		2B5CE3872243B2B50093579D /* Build configuration list for PBXNativeTarget "CaluculatorUITests" */ = {
			isa = XCConfigurationList;
			buildConfigurations = (
				2B5CE3882243B2B50093579D /* Debug */,
				2B5CE3892243B2B50093579D /* Release */,
			);
			defaultConfigurationIsVisible = 0;
			defaultConfigurationName = Release;
		};
/* End XCConfigurationList section */
	};
	rootObject = 2B5CE3512243B2B20093579D /* Project object */;
}
